
Microsoft Visual Studio Solution File, Format Version 12.00
# Visual Studio Version 17
VisualStudioVersion = 17.4.33213.308
MinimumVisualStudioVersion = 10.0.40219.1
Project("{FAE04EC0-301F-11D3-BF4B-00C04F79EFBC}") = "WebAreas", "WebAreas\WebAreas.csproj", "{E6694787-CC09-4A13-A8D3-8B7D8C3C250F}"
EndProject
Project("{FAE04EC0-301F-11D3-BF4B-00C04F79EFBC}") = "WebSalario", "WebSalario\WebSalario.csproj", "{0E9D207C-9A0B-4B08-B55F-F74943E9AAFF}"
EndProject
Project("{FAE04EC0-301F-11D3-BF4B-00C04F79EFBC}") = "WebCalendario", "WebCalendario\WebCalendario.csproj", "{701DA06A-6306-4443-BF44-A6609D432F49}"
EndProject
Project("{FAE04EC0-301F-11D3-BF4B-00C04F79EFBC}") = "Inquerito2", "Inquerito2\Inquerito2.csproj", "{A0DAA45E-A224-4BB0-9980-CEB336E7DB6F}"
EndProject
Project("{FAE04EC0-301F-11D3-BF4B-00C04F79EFBC}") = "WebMySQL01", "WebMySQL01\WebMySQL01.csproj", "{D25AFE04-ADAD-433F-A6C5-9BFE05D5334C}"
EndProject
Global
	GlobalSection(SolutionConfigurationPlatforms) = preSolution
		Debug|Any CPU = Debug|Any CPU
		Release|Any CPU = Release|Any CPU
	EndGlobalSection
	GlobalSection(ProjectConfigurationPlatforms) = postSolution
		{E6694787-CC09-4A13-A8D3-8B7D8C3C250F}.Debug|Any CPU.ActiveCfg = Debug|Any CPU
		{E6694787-CC09-4A13-A8D3-8B7D8C3C250F}.Debug|Any CPU.Build.0 = Debug|Any CPU
		{E6694787-CC09-4A13-A8D3-8B7D8C3C250F}.Release|Any CPU.ActiveCfg = Release|Any CPU
		{E6694787-CC09-4A13-A8D3-8B7D8C3C250F}.Release|Any CPU.Build.0 = Release|Any CPU
		{0E9D207C-9A0B-4B08-B55F-F74943E9AAFF}.Debug|Any CPU.ActiveCfg = Debug|Any CPU
		{0E9D207C-9A0B-4B08-B55F-F74943E9AAFF}.Debug|Any CPU.Build.0 = Debug|Any CPU
		{0E9D207C-9A0B-4B08-B55F-F74943E9AAFF}.Release|Any CPU.ActiveCfg = Release|Any CPU
		{0E9D207C-9A0B-4B08-B55F-F74943E9AAFF}.Release|Any CPU.Build.0 = Release|Any CPU
		{701DA06A-6306-4443-BF44-A6609D432F49}.Debug|Any CPU.ActiveCfg = Debug|Any CPU
		{701DA06A-6306-4443-BF44-A6609D432F49}.Debug|Any CPU.Build.0 = Debug|Any CPU
		{701DA06A-6306-4443-BF44-A6609D432F49}.Release|Any CPU.ActiveCfg = Release|Any CPU
		{701DA06A-6306-4443-BF44-A6609D432F49}.Release|Any CPU.Build.0 = Release|Any CPU
		{A0DAA45E-A224-4BB0-9980-CEB336E7DB6F}.Debug|Any CPU.ActiveCfg = Debug|Any CPU
		{A0DAA45E-A224-4BB0-9980-CEB336E7DB6F}.Debug|Any CPU.Build.0 = Debug|Any CPU
		{A0DAA45E-A224-4BB0-9980-CEB336E7DB6F}.Release|Any CPU.ActiveCfg = Release|Any CPU
		{A0DAA45E-A224-4BB0-9980-CEB336E7DB6F}.Release|Any CPU.Build.0 = Release|Any CPU
		{D25AFE04-ADAD-433F-A6C5-9BFE05D5334C}.Debug|Any CPU.ActiveCfg = Debug|Any CPU
		{D25AFE04-ADAD-433F-A6C5-9BFE05D5334C}.Debug|Any CPU.Build.0 = Debug|Any CPU
		{D25AFE04-ADAD-433F-A6C5-9BFE05D5334C}.Release|Any CPU.ActiveCfg = Release|Any CPU
		{D25AFE04-ADAD-433F-A6C5-9BFE05D5334C}.Release|Any CPU.Build.0 = Release|Any CPU
	EndGlobalSection
	GlobalSection(SolutionProperties) = preSolution
		HideSolutionNode = FALSE
	EndGlobalSection
	GlobalSection(ExtensibilityGlobals) = postSolution
		SolutionGuid = {43D6864B-A5BE-45A0-8911-7977AF523BEA}
	EndGlobalSection
EndGlobal
